
Microsoft Visual Studio Solution File, Format Version 12.00
# Visual Studio Version 16
VisualStudioVersion = 16.0.30114.105
MinimumVisualStudioVersion = 10.0.40219.1
Project("{FAE04EC0-301F-11D3-BF4B-00C04F79EFBC}") = "SimpleMiddelware.Web", "SimpleMiddelware\SimpleMiddelware.Web\SimpleMiddelware.Web.csproj", "{C5DF00B4-7591-4540-A330-E5D8FDEE3D85}"
EndProject
Project("{FAE04EC0-301F-11D3-BF4B-00C04F79EFBC}") = "IpFilterMiddelware.Mvc", "IpFilterMiddelware\IpFilterMiddelware.Mvc\IpFilterMiddelware.Mvc.csproj", "{4FCF9CE1-F4BC-4DFC-97A4-9835B268D43F}"
EndProject
Global
	GlobalSection(SolutionConfigurationPlatforms) = preSolution
		Debug|Any CPU = Debug|Any CPU
		Release|Any CPU = Release|Any CPU
	EndGlobalSection
	GlobalSection(ProjectConfigurationPlatforms) = postSolution
		{C5DF00B4-7591-4540-A330-E5D8FDEE3D85}.Debug|Any CPU.ActiveCfg = Debug|Any CPU
		{C5DF00B4-7591-4540-A330-E5D8FDEE3D85}.Debug|Any CPU.Build.0 = Debug|Any CPU
		{C5DF00B4-7591-4540-A330-E5D8FDEE3D85}.Release|Any CPU.ActiveCfg = Release|Any CPU
		{C5DF00B4-7591-4540-A330-E5D8FDEE3D85}.Release|Any CPU.Build.0 = Release|Any CPU
		{4FCF9CE1-F4BC-4DFC-97A4-9835B268D43F}.Debug|Any CPU.ActiveCfg = Debug|Any CPU
		{4FCF9CE1-F4BC-4DFC-97A4-9835B268D43F}.Debug|Any CPU.Build.0 = Debug|Any CPU
		{4FCF9CE1-F4BC-4DFC-97A4-9835B268D43F}.Release|Any CPU.ActiveCfg = Release|Any CPU
		{4FCF9CE1-F4BC-4DFC-97A4-9835B268D43F}.Release|Any CPU.Build.0 = Release|Any CPU
	EndGlobalSection
	GlobalSection(SolutionProperties) = preSolution
		HideSolutionNode = FALSE
	EndGlobalSection
	GlobalSection(ExtensibilityGlobals) = postSolution
		SolutionGuid = {F63A6637-58F6-4A00-9EB9-591A3FF824AD}
	EndGlobalSection
EndGlobal
